
Microsoft Visual Studio Solution File, Format Version 12.00
# Visual Studio Version 17
VisualStudioVersion = 17.4.33110.190
MinimumVisualStudioVersion = 10.0.40219.1
Project("{9A19103F-16F7-4668-BE54-9A1E7A4F7556}") = "Infrastructure", "Infrastructure\Infrastructure.csproj", "{6A41F8DC-625F-4356-8A7A-DD97BB661DC4}"
EndProject
Project("{9A19103F-16F7-4668-BE54-9A1E7A4F7556}") = "App", "ConsoleApp1\App.csproj", "{6C30B703-76D9-4A57-B639-73620DB73F8F}"
EndProject
Global
	GlobalSection(SolutionConfigurationPlatforms) = preSolution
		Debug|Any CPU = Debug|Any CPU
		Release|Any CPU = Release|Any CPU
	EndGlobalSection
	GlobalSection(ProjectConfigurationPlatforms) = postSolution
		{6A41F8DC-625F-4356-8A7A-DD97BB661DC4}.Debug|Any CPU.ActiveCfg = Debug|Any CPU
		{6A41F8DC-625F-4356-8A7A-DD97BB661DC4}.Debug|Any CPU.Build.0 = Debug|Any CPU
		{6A41F8DC-625F-4356-8A7A-DD97BB661DC4}.Release|Any CPU.ActiveCfg = Release|Any CPU
		{6A41F8DC-625F-4356-8A7A-DD97BB661DC4}.Release|Any CPU.Build.0 = Release|Any CPU
		{6C30B703-76D9-4A57-B639-73620DB73F8F}.Debug|Any CPU.ActiveCfg = Debug|Any CPU
		{6C30B703-76D9-4A57-B639-73620DB73F8F}.Debug|Any CPU.Build.0 = Debug|Any CPU
		{6C30B703-76D9-4A57-B639-73620DB73F8F}.Release|Any CPU.ActiveCfg = Release|Any CPU
		{6C30B703-76D9-4A57-B639-73620DB73F8F}.Release|Any CPU.Build.0 = Release|Any CPU
	EndGlobalSection
	GlobalSection(SolutionProperties) = preSolution
		HideSolutionNode = FALSE
	EndGlobalSection
	GlobalSection(ExtensibilityGlobals) = postSolution
		SolutionGuid = {D0520261-32FB-46D2-BE2A-A1D9C110A8D4}
	EndGlobalSection
EndGlobal
